
Microsoft Visual Studio Solution File, Format Version 12.00
# Visual Studio 2013
VisualStudioVersion = 12.0.31101.0
MinimumVisualStudioVersion = 10.0.40219.1
Project("{FAE04EC0-301F-11D3-BF4B-00C04F79EFBC}") = "Mathematics", "Mathematics\Mathematics.csproj", "{4C6ABDCC-ED53-40FE-9E16-9E2C11841799}"
EndProject
Project("{FAE04EC0-301F-11D3-BF4B-00C04F79EFBC}") = "Mathematics.UnitTests", "Mathematics.UnitTests\Mathematics.UnitTests.csproj", "{2B66469A-0B9F-4AE9-922B-4CD41E76DCD8}"
EndProject
Global
	GlobalSection(SolutionConfigurationPlatforms) = preSolution
		Debug|Any CPU = Debug|Any CPU
		Release|Any CPU = Release|Any CPU
	EndGlobalSection
	GlobalSection(ProjectConfigurationPlatforms) = postSolution
		{4C6ABDCC-ED53-40FE-9E16-9E2C11841799}.Debug|Any CPU.ActiveCfg = Debug|Any CPU
		{4C6ABDCC-ED53-40FE-9E16-9E2C11841799}.Debug|Any CPU.Build.0 = Debug|Any CPU
		{4C6ABDCC-ED53-40FE-9E16-9E2C11841799}.Release|Any CPU.ActiveCfg = Release|Any CPU
		{4C6ABDCC-ED53-40FE-9E16-9E2C11841799}.Release|Any CPU.Build.0 = Release|Any CPU
		{2B66469A-0B9F-4AE9-922B-4CD41E76DCD8}.Debug|Any CPU.ActiveCfg = Debug|Any CPU
		{2B66469A-0B9F-4AE9-922B-4CD41E76DCD8}.Debug|Any CPU.Build.0 = Debug|Any CPU
		{2B66469A-0B9F-4AE9-922B-4CD41E76DCD8}.Release|Any CPU.ActiveCfg = Release|Any CPU
		{2B66469A-0B9F-4AE9-922B-4CD41E76DCD8}.Release|Any CPU.Build.0 = Release|Any CPU
	EndGlobalSection
	GlobalSection(SolutionProperties) = preSolution
		HideSolutionNode = FALSE
	EndGlobalSection
EndGlobal
